
Microsoft Visual Studio Solution File, Format Version 12.00
# Visual Studio Version 17
VisualStudioVersion = 17.14.37328.6
MinimumVisualStudioVersion = 10.0.40219.1
Project("{2150E333-8FDC-42A3-9474-1A3956D46DE8}") = "subsys", "subsys", "{02EA681E-C7D8-13C7-8484-4AC65E1B71E8}"
EndProject
Project("{8BC9CEB8-8B4A-11D0-8D11-00A0C91BC942}") = "bluetooth", "bluetooth\bluetooth.vcxproj", "{1BCFB992-823B-49B2-8719-E17A8197B433}"
EndProject
Project("{8BC9CEB8-8B4A-11D0-8D11-00A0C91BC942}") = "zephyr_runtime", "zephyr_runtime\zephyr_runtime.vcxproj", "{A990FD69-D600-420B-A978-393637E2541B}"
EndProject
Project("{2150E333-8FDC-42A3-9474-1A3956D46DE8}") = "lib", "lib", "{B9C98140-4567-46A7-9390-578148CB5B11}"
EndProject
Project("{8BC9CEB8-8B4A-11D0-8D11-00A0C91BC942}") = "utils", "utils\utils.vcxproj", "{D7B2E9D2-536C-4D35-BFBF-E3BB1D3468A9}"
EndProject
Project("{8BC9CEB8-8B4A-11D0-8D11-00A0C91BC942}") = "z_crc", "z_crc\z_crc.vcxproj", "{1EAD6419-0FC3-4301-B255-F954867E138B}"
EndProject
Project("{8BC9CEB8-8B4A-11D0-8D11-00A0C91BC942}") = "z_settings", "z_settings\z_settings.vcxproj", "{35B2C59F-A229-4BEC-9C45-7A5E4AF4DF33}"
EndProject
Project("{2150E333-8FDC-42A3-9474-1A3956D46DE8}") = "thirdparty", "thirdparty", "{FB764CFE-62E9-499E-A829-8975C24F4E06}"
EndProject
Project("{2150E333-8FDC-42A3-9474-1A3956D46DE8}") = "mbedtls", "mbedtls", "{A911E8F6-CAD8-4164-9B94-21EE18335C93}"
EndProject
Project("{8BC9CEB8-8B4A-11D0-8D11-00A0C91BC942}") = "mbedTLS", "..\thirdparty\mbedtls\visualc\VS2022\mbedTLS.vcxproj", "{46CF2D25-6A36-4189-B59C-E4815388E554}"
EndProject
Project("{8BC9CEB8-8B4A-11D0-8D11-00A0C91BC942}") = "libChromeBase", "..\thirdparty\chromebase\ms_build\libChromeBase\libChromeBase.vcxproj", "{B84475AD-B078-4556-9E18-006E1AB99D3F}"
EndProject
Project("{8BC9CEB8-8B4A-11D0-8D11-00A0C91BC942}") = "task_wdt", "task_wdt\task_wdt.vcxproj", "{F598DC74-7B87-43C8-83E9-29C952E43448}"
EndProject
Project("{8BC9CEB8-8B4A-11D0-8D11-00A0C91BC942}") = "libZhen", "..\thirdparty\Zhen\ms_build\libZhen\libZhen.vcxproj", "{D7B0B9E7-4AB0-41D5-A2BE-0A439280B7B5}"
EndProject
Project("{8BC9CEB8-8B4A-11D0-8D11-00A0C91BC942}") = "lib_bluetooth_app", "..\thirdparty\Zhen\BluetoothApplication\ms_build\lib_bluetooth_app\lib_bluetooth_app.vcxproj", "{4A774F20-C57E-4260-81C5-376037356CC4}"
EndProject
Project("{8BC9CEB8-8B4A-11D0-8D11-00A0C91BC942}") = "libbluetooth", "libbluetooth\libbluetooth.vcxproj", "{AA3969F7-B12E-41AA-B1BF-37431024E8F6}"
EndProject
Project("{8BC9CEB8-8B4A-11D0-8D11-00A0C91BC942}") = "zephyr_bluetooth", "zephyr_bluetooth\zephyr_bluetooth.vcxproj", "{775F91E6-50A4-4280-B8EF-9BC9FE1B8B94}"
EndProject
Global
	GlobalSection(SolutionConfigurationPlatforms) = preSolution
		Debug|x64 = Debug|x64
		Debug|x86 = Debug|x86
		Release|x64 = Release|x64
		Release|x86 = Release|x86
	EndGlobalSection
	GlobalSection(ProjectConfigurationPlatforms) = postSolution
		{1BCFB992-823B-49B2-8719-E17A8197B433}.Debug|x64.ActiveCfg = Debug|x64
		{1BCFB992-823B-49B2-8719-E17A8197B433}.Debug|x64.Build.0 = Debug|x64
		{1BCFB992-823B-49B2-8719-E17A8197B433}.Debug|x86.ActiveCfg = Debug|Win32
		{1BCFB992-823B-49B2-8719-E17A8197B433}.Debug|x86.Build.0 = Debug|Win32
		{1BCFB992-823B-49B2-8719-E17A8197B433}.Release|x64.ActiveCfg = Release|x64
		{1BCFB992-823B-49B2-8719-E17A8197B433}.Release|x64.Build.0 = Release|x64
		{1BCFB992-823B-49B2-8719-E17A8197B433}.Release|x86.ActiveCfg = Release|Win32
		{1BCFB992-823B-49B2-8719-E17A8197B433}.Release|x86.Build.0 = Release|Win32
		{A990FD69-D600-420B-A978-393637E2541B}.Debug|x64.ActiveCfg = Debug|x64
		{A990FD69-D600-420B-A978-393637E2541B}.Debug|x64.Build.0 = Debug|x64
		{A990FD69-D600-420B-A978-393637E2541B}.Debug|x86.ActiveCfg = Debug|Win32
		{A990FD69-D600-420B-A978-393637E2541B}.Debug|x86.Build.0 = Debug|Win32
		{A990FD69-D600-420B-A978-393637E2541B}.Release|x64.ActiveCfg = Release|x64
		{A990FD69-D600-420B-A978-393637E2541B}.Release|x64.Build.0 = Release|x64
		{A990FD69-D600-420B-A978-393637E2541B}.Release|x86.ActiveCfg = Release|Win32
		{A990FD69-D600-420B-A978-393637E2541B}.Release|x86.Build.0 = Release|Win32
		{D7B2E9D2-536C-4D35-BFBF-E3BB1D3468A9}.Debug|x64.ActiveCfg = Debug|x64
		{D7B2E9D2-536C-4D35-BFBF-E3BB1D3468A9}.Debug|x64.Build.0 = Debug|x64
		{D7B2E9D2-536C-4D35-BFBF-E3BB1D3468A9}.Debug|x86.ActiveCfg = Debug|Win32
		{D7B2E9D2-536C-4D35-BFBF-E3BB1D3468A9}.Debug|x86.Build.0 = Debug|Win32
		{D7B2E9D2-536C-4D35-BFBF-E3BB1D3468A9}.Release|x64.ActiveCfg = Release|x64
		{D7B2E9D2-536C-4D35-BFBF-E3BB1D3468A9}.Release|x64.Build.0 = Release|x64
		{D7B2E9D2-536C-4D35-BFBF-E3BB1D3468A9}.Release|x86.ActiveCfg = Release|Win32
		{D7B2E9D2-536C-4D35-BFBF-E3BB1D3468A9}.Release|x86.Build.0 = Release|Win32
		{1EAD6419-0FC3-4301-B255-F954867E138B}.Debug|x64.ActiveCfg = Debug|x64
		{1EAD6419-0FC3-4301-B255-F954867E138B}.Debug|x64.Build.0 = Debug|x64
		{1EAD6419-0FC3-4301-B255-F954867E138B}.Debug|x86.ActiveCfg = Debug|Win32
		{1EAD6419-0FC3-4301-B255-F954867E138B}.Debug|x86.Build.0 = Debug|Win32
		{1EAD6419-0FC3-4301-B255-F954867E138B}.Release|x64.ActiveCfg = Release|x64
		{1EAD6419-0FC3-4301-B255-F954867E138B}.Release|x64.Build.0 = Release|x64
		{1EAD6419-0FC3-4301-B255-F954867E138B}.Release|x86.ActiveCfg = Release|Win32
		{1EAD6419-0FC3-4301-B255-F954867E138B}.Release|x86.Build.0 = Release|Win32
		{35B2C59F-A229-4BEC-9C45-7A5E4AF4DF33}.Debug|x64.ActiveCfg = Debug|x64
		{35B2C59F-A229-4BEC-9C45-7A5E4AF4DF33}.Debug|x64.Build.0 = Debug|x64
		{35B2C59F-A229-4BEC-9C45-7A5E4AF4DF33}.Debug|x86.ActiveCfg = Debug|Win32
		{35B2C59F-A229-4BEC-9C45-7A5E4AF4DF33}.Debug|x86.Build.0 = Debug|Win32
		{35B2C59F-A229-4BEC-9C45-7A5E4AF4DF33}.Release|x64.ActiveCfg = Release|x64
		{35B2C59F-A229-4BEC-9C45-7A5E4AF4DF33}.Release|x64.Build.0 = Release|x64
		{35B2C59F-A229-4BEC-9C45-7A5E4AF4DF33}.Release|x86.ActiveCfg = Release|Win32
		{35B2C59F-A229-4BEC-9C45-7A5E4AF4DF33}.Release|x86.Build.0 = Release|Win32
		{46CF2D25-6A36-4189-B59C-E4815388E554}.Debug|x64.ActiveCfg = Debug|x64
		{46CF2D25-6A36-4189-B59C-E4815388E554}.Debug|x64.Build.0 = Debug|x64
		{46CF2D25-6A36-4189-B59C-E4815388E554}.Debug|x86.ActiveCfg = Debug|Win32
		{46CF2D25-6A36-4189-B59C-E4815388E554}.Debug|x86.Build.0 = Debug|Win32
		{46CF2D25-6A36-4189-B59C-E4815388E554}.Release|x64.ActiveCfg = Release|x64
		{46CF2D25-6A36-4189-B59C-E4815388E554}.Release|x64.Build.0 = Release|x64
		{46CF2D25-6A36-4189-B59C-E4815388E554}.Release|x86.ActiveCfg = Release|Win32
		{46CF2D25-6A36-4189-B59C-E4815388E554}.Release|x86.Build.0 = Release|Win32
		{B84475AD-B078-4556-9E18-006E1AB99D3F}.Debug|x64.ActiveCfg = Debug|x64
		{B84475AD-B078-4556-9E18-006E1AB99D3F}.Debug|x64.Build.0 = Debug|x64
		{B84475AD-B078-4556-9E18-006E1AB99D3F}.Debug|x86.ActiveCfg = Debug|Win32
		{B84475AD-B078-4556-9E18-006E1AB99D3F}.Debug|x86.Build.0 = Debug|Win32
		{B84475AD-B078-4556-9E18-006E1AB99D3F}.Release|x64.ActiveCfg = Release|x64
		{B84475AD-B078-4556-9E18-006E1AB99D3F}.Release|x64.Build.0 = Release|x64
		{B84475AD-B078-4556-9E18-006E1AB99D3F}.Release|x86.ActiveCfg = Release|Win32
		{B84475AD-B078-4556-9E18-006E1AB99D3F}.Release|x86.Build.0 = Release|Win32
		{F598DC74-7B87-43C8-83E9-29C952E43448}.Debug|x64.ActiveCfg = Debug|x64
		{F598DC74-7B87-43C8-83E9-29C952E43448}.Debug|x64.Build.0 = Debug|x64
		{F598DC74-7B87-43C8-83E9-29C952E43448}.Debug|x86.ActiveCfg = Debug|Win32
		{F598DC74-7B87-43C8-83E9-29C952E43448}.Debug|x86.Build.0 = Debug|Win32
		{F598DC74-7B87-43C8-83E9-29C952E43448}.Release|x64.ActiveCfg = Release|x64
		{F598DC74-7B87-43C8-83E9-29C952E43448}.Release|x64.Build.0 = Release|x64
		{F598DC74-7B87-43C8-83E9-29C952E43448}.Release|x86.ActiveCfg = Release|Win32
		{F598DC74-7B87-43C8-83E9-29C952E43448}.Release|x86.Build.0 = Release|Win32
		{D7B0B9E7-4AB0-41D5-A2BE-0A439280B7B5}.Debug|x64.ActiveCfg = Debug|x64
		{D7B0B9E7-4AB0-41D5-A2BE-0A439280B7B5}.Debug|x64.Build.0 = Debug|x64
		{D7B0B9E7-4AB0-41D5-A2BE-0A439280B7B5}.Debug|x86.ActiveCfg = Debug|Win32
		{D7B0B9E7-4AB0-41D5-A2BE-0A439280B7B5}.Debug|x86.Build.0 = Debug|Win32
		{D7B0B9E7-4AB0-41D5-A2BE-0A439280B7B5}.Release|x64.ActiveCfg = Release|x64
		{D7B0B9E7-4AB0-41D5-A2BE-0A439280B7B5}.Release|x64.Build.0 = Release|x64
		{D7B0B9E7-4AB0-41D5-A2BE-0A439280B7B5}.Release|x86.ActiveCfg = Release|Win32
		{D7B0B9E7-4AB0-41D5-A2BE-0A439280B7B5}.Release|x86.Build.0 = Release|Win32
		{4A774F20-C57E-4260-81C5-376037356CC4}.Debug|x64.ActiveCfg = Debug|x64
		{4A774F20-C57E-4260-81C5-376037356CC4}.Debug|x64.Build.0 = Debug|x64
		{4A774F20-C57E-4260-81C5-376037356CC4}.Debug|x86.ActiveCfg = Debug|Win32
		{4A774F20-C57E-4260-81C5-376037356CC4}.Debug|x86.Build.0 = Debug|Win32
		{4A774F20-C57E-4260-81C5-376037356CC4}.Release|x64.ActiveCfg = Release|x64
		{4A774F20-C57E-4260-81C5-376037356CC4}.Release|x64.Build.0 = Release|x64
		{4A774F20-C57E-4260-81C5-376037356CC4}.Release|x86.ActiveCfg = Release|Win32
		{4A774F20-C57E-4260-81C5-376037356CC4}.Release|x86.Build.0 = Release|Win32
		{AA3969F7-B12E-41AA-B1BF-37431024E8F6}.Debug|x64.ActiveCfg = Debug|x64
		{AA3969F7-B12E-41AA-B1BF-37431024E8F6}.Debug|x64.Build.0 = Debug|x64
		{AA3969F7-B12E-41AA-B1BF-37431024E8F6}.Debug|x86.ActiveCfg = Debug|Win32
		{AA3969F7-B12E-41AA-B1BF-37431024E8F6}.Debug|x86.Build.0 = Debug|Win32
		{AA3969F7-B12E-41AA-B1BF-37431024E8F6}.Release|x64.ActiveCfg = Release|x64
		{AA3969F7-B12E-41AA-B1BF-37431024E8F6}.Release|x64.Build.0 = Release|x64
		{AA3969F7-B12E-41AA-B1BF-37431024E8F6}.Release|x86.ActiveCfg = Release|Win32
		{AA3969F7-B12E-41AA-B1BF-37431024E8F6}.Release|x86.Build.0 = Release|Win32
		{775F91E6-50A4-4280-B8EF-9BC9FE1B8B94}.Debug|x64.ActiveCfg = Debug|x64
		{775F91E6-50A4-4280-B8EF-9BC9FE1B8B94}.Debug|x64.Build.0 = Debug|x64
		{775F91E6-50A4-4280-B8EF-9BC9FE1B8B94}.Debug|x86.ActiveCfg = Debug|Win32
		{775F91E6-50A4-4280-B8EF-9BC9FE1B8B94}.Debug|x86.Build.0 = Debug|Win32
		{775F91E6-50A4-4280-B8EF-9BC9FE1B8B94}.Release|x64.ActiveCfg = Release|x64
		{775F91E6-50A4-4280-B8EF-9BC9FE1B8B94}.Release|x64.Build.0 = Release|x64
		{775F91E6-50A4-4280-B8EF-9BC9FE1B8B94}.Release|x86.ActiveCfg = Release|Win32
		{775F91E6-50A4-4280-B8EF-9BC9FE1B8B94}.Release|x86.Build.0 = Release|Win32
	EndGlobalSection
	GlobalSection(SolutionProperties) = preSolution
		HideSolutionNode = FALSE
	EndGlobalSection
	GlobalSection(NestedProjects) = preSolution
		{1BCFB992-823B-49B2-8719-E17A8197B433} = {02EA681E-C7D8-13C7-8484-4AC65E1B71E8}
		{A990FD69-D600-420B-A978-393637E2541B} = {B9C98140-4567-46A7-9390-578148CB5B11}
		{D7B2E9D2-536C-4D35-BFBF-E3BB1D3468A9} = {B9C98140-4567-46A7-9390-578148CB5B11}
		{1EAD6419-0FC3-4301-B255-F954867E138B} = {02EA681E-C7D8-13C7-8484-4AC65E1B71E8}
		{35B2C59F-A229-4BEC-9C45-7A5E4AF4DF33} = {02EA681E-C7D8-13C7-8484-4AC65E1B71E8}
		{A911E8F6-CAD8-4164-9B94-21EE18335C93} = {FB764CFE-62E9-499E-A829-8975C24F4E06}
		{46CF2D25-6A36-4189-B59C-E4815388E554} = {A911E8F6-CAD8-4164-9B94-21EE18335C93}
		{B84475AD-B078-4556-9E18-006E1AB99D3F} = {FB764CFE-62E9-499E-A829-8975C24F4E06}
		{F598DC74-7B87-43C8-83E9-29C952E43448} = {02EA681E-C7D8-13C7-8484-4AC65E1B71E8}
		{D7B0B9E7-4AB0-41D5-A2BE-0A439280B7B5} = {FB764CFE-62E9-499E-A829-8975C24F4E06}
		{4A774F20-C57E-4260-81C5-376037356CC4} = {FB764CFE-62E9-499E-A829-8975C24F4E06}
		{AA3969F7-B12E-41AA-B1BF-37431024E8F6} = {B9C98140-4567-46A7-9390-578148CB5B11}
	EndGlobalSection
	GlobalSection(ExtensibilityGlobals) = postSolution
		SolutionGuid = {3523D23D-6639-42C5-B8B2-E271D2D5BC65}
	EndGlobalSection
EndGlobal
